
Microsoft Visual Studio Solution File, Format Version 12.00
# Visual Studio Version 16
VisualStudioVersion = 16.0.30611.23
MinimumVisualStudioVersion = 10.0.40219.1
Project("{FAE04EC0-301F-11D3-BF4B-00C04F79EFBC}") = "codeforce_977A", "codeforce_977A\codeforce_977A.csproj", "{EC4C5B4C-7A5B-4B76-893B-0AF688F9592E}"
EndProject
Global
	GlobalSection(SolutionConfigurationPlatforms) = preSolution
		Debug|Any CPU = Debug|Any CPU
		Release|Any CPU = Release|Any CPU
	EndGlobalSection
	GlobalSection(ProjectConfigurationPlatforms) = postSolution
		{EC4C5B4C-7A5B-4B76-893B-0AF688F9592E}.Debug|Any CPU.ActiveCfg = Debug|Any CPU
		{EC4C5B4C-7A5B-4B76-893B-0AF688F9592E}.Debug|Any CPU.Build.0 = Debug|Any CPU
		{EC4C5B4C-7A5B-4B76-893B-0AF688F9592E}.Release|Any CPU.ActiveCfg = Release|Any CPU
		{EC4C5B4C-7A5B-4B76-893B-0AF688F9592E}.Release|Any CPU.Build.0 = Release|Any CPU
	EndGlobalSection
	GlobalSection(SolutionProperties) = preSolution
		HideSolutionNode = FALSE
	EndGlobalSection
	GlobalSection(ExtensibilityGlobals) = postSolution
		SolutionGuid = {ADFE7A5D-F7ED-4338-90A3-6A011F94F16E}
	EndGlobalSection
EndGlobal
