
Microsoft Visual Studio Solution File, Format Version 12.00
# Visual Studio Version 16
VisualStudioVersion = 16.0.30611.23
MinimumVisualStudioVersion = 10.0.40219.1
Project("{FAE04EC0-301F-11D3-BF4B-00C04F79EFBC}") = "codeforce_131A", "codeforce_131A\codeforce_131A.csproj", "{6C25703C-DFBD-438D-86FD-8433ACA85CE0}"
EndProject
Global
	GlobalSection(SolutionConfigurationPlatforms) = preSolution
		Debug|Any CPU = Debug|Any CPU
		Release|Any CPU = Release|Any CPU
	EndGlobalSection
	GlobalSection(ProjectConfigurationPlatforms) = postSolution
		{6C25703C-DFBD-438D-86FD-8433ACA85CE0}.Debug|Any CPU.ActiveCfg = Debug|Any CPU
		{6C25703C-DFBD-438D-86FD-8433ACA85CE0}.Debug|Any CPU.Build.0 = Debug|Any CPU
		{6C25703C-DFBD-438D-86FD-8433ACA85CE0}.Release|Any CPU.ActiveCfg = Release|Any CPU
		{6C25703C-DFBD-438D-86FD-8433ACA85CE0}.Release|Any CPU.Build.0 = Release|Any CPU
	EndGlobalSection
	GlobalSection(SolutionProperties) = preSolution
		HideSolutionNode = FALSE
	EndGlobalSection
	GlobalSection(ExtensibilityGlobals) = postSolution
		SolutionGuid = {8E066A4F-3838-443D-BED2-037B1AB8D0B6}
	EndGlobalSection
EndGlobal
