
Microsoft Visual Studio Solution File, Format Version 12.00
# Visual Studio Version 16
VisualStudioVersion = 16.0.30611.23
MinimumVisualStudioVersion = 10.0.40219.1
Project("{FAE04EC0-301F-11D3-BF4B-00C04F79EFBC}") = "codeforce_427A", "codeforce_427A\codeforce_427A.csproj", "{36446E1F-ECF6-4A24-807B-1FD0218CC0DB}"
EndProject
Global
	GlobalSection(SolutionConfigurationPlatforms) = preSolution
		Debug|Any CPU = Debug|Any CPU
		Release|Any CPU = Release|Any CPU
	EndGlobalSection
	GlobalSection(ProjectConfigurationPlatforms) = postSolution
		{36446E1F-ECF6-4A24-807B-1FD0218CC0DB}.Debug|Any CPU.ActiveCfg = Debug|Any CPU
		{36446E1F-ECF6-4A24-807B-1FD0218CC0DB}.Debug|Any CPU.Build.0 = Debug|Any CPU
		{36446E1F-ECF6-4A24-807B-1FD0218CC0DB}.Release|Any CPU.ActiveCfg = Release|Any CPU
		{36446E1F-ECF6-4A24-807B-1FD0218CC0DB}.Release|Any CPU.Build.0 = Release|Any CPU
	EndGlobalSection
	GlobalSection(SolutionProperties) = preSolution
		HideSolutionNode = FALSE
	EndGlobalSection
	GlobalSection(ExtensibilityGlobals) = postSolution
		SolutionGuid = {E072EF43-D1B7-42F3-AC4C-022F90204A9F}
	EndGlobalSection
EndGlobal
