
Microsoft Visual Studio Solution File, Format Version 12.00
# Visual Studio Version 16
VisualStudioVersion = 16.0.30611.23
MinimumVisualStudioVersion = 10.0.40219.1
Project("{FAE04EC0-301F-11D3-BF4B-00C04F79EFBC}") = "Exam2Answer", "Exam2Answer\Exam2Answer.csproj", "{2EEBD8D1-5372-415C-9DD1-81DAE41ECC25}"
EndProject
Global
	GlobalSection(SolutionConfigurationPlatforms) = preSolution
		Debug|Any CPU = Debug|Any CPU
		Release|Any CPU = Release|Any CPU
	EndGlobalSection
	GlobalSection(ProjectConfigurationPlatforms) = postSolution
		{2EEBD8D1-5372-415C-9DD1-81DAE41ECC25}.Debug|Any CPU.ActiveCfg = Debug|Any CPU
		{2EEBD8D1-5372-415C-9DD1-81DAE41ECC25}.Debug|Any CPU.Build.0 = Debug|Any CPU
		{2EEBD8D1-5372-415C-9DD1-81DAE41ECC25}.Release|Any CPU.ActiveCfg = Release|Any CPU
		{2EEBD8D1-5372-415C-9DD1-81DAE41ECC25}.Release|Any CPU.Build.0 = Release|Any CPU
	EndGlobalSection
	GlobalSection(SolutionProperties) = preSolution
		HideSolutionNode = FALSE
	EndGlobalSection
	GlobalSection(ExtensibilityGlobals) = postSolution
		SolutionGuid = {685F7E36-73E7-4320-A133-07DC4D545A1D}
	EndGlobalSection
EndGlobal
