
Microsoft Visual Studio Solution File, Format Version 12.00
# Visual Studio Version 16
VisualStudioVersion = 16.0.30611.23
MinimumVisualStudioVersion = 10.0.40219.1
Project("{FAE04EC0-301F-11D3-BF4B-00C04F79EFBC}") = "codeforces_118A", "codeforces_118A\codeforces_118A.csproj", "{88B0034B-761C-48F8-80DC-BD27DE30DD45}"
EndProject
Global
	GlobalSection(SolutionConfigurationPlatforms) = preSolution
		Debug|Any CPU = Debug|Any CPU
		Release|Any CPU = Release|Any CPU
	EndGlobalSection
	GlobalSection(ProjectConfigurationPlatforms) = postSolution
		{88B0034B-761C-48F8-80DC-BD27DE30DD45}.Debug|Any CPU.ActiveCfg = Debug|Any CPU
		{88B0034B-761C-48F8-80DC-BD27DE30DD45}.Debug|Any CPU.Build.0 = Debug|Any CPU
		{88B0034B-761C-48F8-80DC-BD27DE30DD45}.Release|Any CPU.ActiveCfg = Release|Any CPU
		{88B0034B-761C-48F8-80DC-BD27DE30DD45}.Release|Any CPU.Build.0 = Release|Any CPU
	EndGlobalSection
	GlobalSection(SolutionProperties) = preSolution
		HideSolutionNode = FALSE
	EndGlobalSection
	GlobalSection(ExtensibilityGlobals) = postSolution
		SolutionGuid = {11A6D802-8D70-4496-A1E0-F2151FAD01E5}
	EndGlobalSection
EndGlobal
