
Microsoft Visual Studio Solution File, Format Version 12.00
# Visual Studio Version 16
VisualStudioVersion = 16.0.30611.23
MinimumVisualStudioVersion = 10.0.40219.1
Project("{FAE04EC0-301F-11D3-BF4B-00C04F79EFBC}") = "codeforce_448A", "codeforce_448A\codeforce_448A.csproj", "{DDCC6943-3AE9-43C7-A92A-9D4C13202EF1}"
EndProject
Global
	GlobalSection(SolutionConfigurationPlatforms) = preSolution
		Debug|Any CPU = Debug|Any CPU
		Release|Any CPU = Release|Any CPU
	EndGlobalSection
	GlobalSection(ProjectConfigurationPlatforms) = postSolution
		{DDCC6943-3AE9-43C7-A92A-9D4C13202EF1}.Debug|Any CPU.ActiveCfg = Debug|Any CPU
		{DDCC6943-3AE9-43C7-A92A-9D4C13202EF1}.Debug|Any CPU.Build.0 = Debug|Any CPU
		{DDCC6943-3AE9-43C7-A92A-9D4C13202EF1}.Release|Any CPU.ActiveCfg = Release|Any CPU
		{DDCC6943-3AE9-43C7-A92A-9D4C13202EF1}.Release|Any CPU.Build.0 = Release|Any CPU
	EndGlobalSection
	GlobalSection(SolutionProperties) = preSolution
		HideSolutionNode = FALSE
	EndGlobalSection
	GlobalSection(ExtensibilityGlobals) = postSolution
		SolutionGuid = {A79BAEEF-C3DD-4DAB-AC18-9FDAACD2EDD7}
	EndGlobalSection
EndGlobal
