
Microsoft Visual Studio Solution File, Format Version 12.00
# Visual Studio Version 16
VisualStudioVersion = 16.0.30611.23
MinimumVisualStudioVersion = 10.0.40219.1
Project("{FAE04EC0-301F-11D3-BF4B-00C04F79EFBC}") = "codeforce_711A", "codeforce_711A\codeforce_711A.csproj", "{F3CDA613-F6F0-441D-860D-F8905908CCC1}"
EndProject
Global
	GlobalSection(SolutionConfigurationPlatforms) = preSolution
		Debug|Any CPU = Debug|Any CPU
		Release|Any CPU = Release|Any CPU
	EndGlobalSection
	GlobalSection(ProjectConfigurationPlatforms) = postSolution
		{F3CDA613-F6F0-441D-860D-F8905908CCC1}.Debug|Any CPU.ActiveCfg = Debug|Any CPU
		{F3CDA613-F6F0-441D-860D-F8905908CCC1}.Debug|Any CPU.Build.0 = Debug|Any CPU
		{F3CDA613-F6F0-441D-860D-F8905908CCC1}.Release|Any CPU.ActiveCfg = Release|Any CPU
		{F3CDA613-F6F0-441D-860D-F8905908CCC1}.Release|Any CPU.Build.0 = Release|Any CPU
	EndGlobalSection
	GlobalSection(SolutionProperties) = preSolution
		HideSolutionNode = FALSE
	EndGlobalSection
	GlobalSection(ExtensibilityGlobals) = postSolution
		SolutionGuid = {60242435-A5EC-484A-AC1F-8370DB58C8E7}
	EndGlobalSection
EndGlobal
