
Microsoft Visual Studio Solution File, Format Version 12.00
# Visual Studio Version 16
VisualStudioVersion = 16.0.30611.23
MinimumVisualStudioVersion = 10.0.40219.1
Project("{FAE04EC0-301F-11D3-BF4B-00C04F79EFBC}") = "Codeforce_660B", "Codeforce_660B\Codeforce_660B.csproj", "{8E7E3F3C-833E-4F45-9ADF-8C693136965A}"
EndProject
Global
	GlobalSection(SolutionConfigurationPlatforms) = preSolution
		Debug|Any CPU = Debug|Any CPU
		Release|Any CPU = Release|Any CPU
	EndGlobalSection
	GlobalSection(ProjectConfigurationPlatforms) = postSolution
		{8E7E3F3C-833E-4F45-9ADF-8C693136965A}.Debug|Any CPU.ActiveCfg = Debug|Any CPU
		{8E7E3F3C-833E-4F45-9ADF-8C693136965A}.Debug|Any CPU.Build.0 = Debug|Any CPU
		{8E7E3F3C-833E-4F45-9ADF-8C693136965A}.Release|Any CPU.ActiveCfg = Release|Any CPU
		{8E7E3F3C-833E-4F45-9ADF-8C693136965A}.Release|Any CPU.Build.0 = Release|Any CPU
	EndGlobalSection
	GlobalSection(SolutionProperties) = preSolution
		HideSolutionNode = FALSE
	EndGlobalSection
	GlobalSection(ExtensibilityGlobals) = postSolution
		SolutionGuid = {A3A61A47-D1EE-417F-96CC-64D06BF04EED}
	EndGlobalSection
EndGlobal
